
Microsoft Visual Studio Solution File, Format Version 12.00
# Visual Studio Version 17
VisualStudioVersion = 17.9.34701.34
MinimumVisualStudioVersion = 10.0.40219.1
Project("{2150E333-8FDC-42A3-9474-1A3956D46DE8}") = "MicroServices", "MicroServices", "{E4F1504C-5EC1-4A50-BC8F-3EDFD4754D86}"
EndProject
Project("{FAE04EC0-301F-11D3-BF4B-00C04F79EFBC}") = "CustomerServices", "CustomerServices\CustomerServices.csproj", "{687734CB-9BC1-4B8C-A55A-6FDAF3929FF0}"
EndProject
Project("{E53339B2-1760-4266-BCC7-CA923CBCF16C}") = "docker-compose", "docker-compose.dcproj", "{8FF6C13B-9F90-4AEC-BB44-96D7513D7C6F}"
EndProject
Global
	GlobalSection(SolutionConfigurationPlatforms) = preSolution
		Debug|Any CPU = Debug|Any CPU
		Release|Any CPU = Release|Any CPU
	EndGlobalSection
	GlobalSection(ProjectConfigurationPlatforms) = postSolution
		{687734CB-9BC1-4B8C-A55A-6FDAF3929FF0}.Debug|Any CPU.ActiveCfg = Debug|Any CPU
		{687734CB-9BC1-4B8C-A55A-6FDAF3929FF0}.Debug|Any CPU.Build.0 = Debug|Any CPU
		{687734CB-9BC1-4B8C-A55A-6FDAF3929FF0}.Release|Any CPU.ActiveCfg = Release|Any CPU
		{687734CB-9BC1-4B8C-A55A-6FDAF3929FF0}.Release|Any CPU.Build.0 = Release|Any CPU
		{8FF6C13B-9F90-4AEC-BB44-96D7513D7C6F}.Debug|Any CPU.ActiveCfg = Debug|Any CPU
		{8FF6C13B-9F90-4AEC-BB44-96D7513D7C6F}.Debug|Any CPU.Build.0 = Debug|Any CPU
		{8FF6C13B-9F90-4AEC-BB44-96D7513D7C6F}.Release|Any CPU.ActiveCfg = Release|Any CPU
		{8FF6C13B-9F90-4AEC-BB44-96D7513D7C6F}.Release|Any CPU.Build.0 = Release|Any CPU
	EndGlobalSection
	GlobalSection(SolutionProperties) = preSolution
		HideSolutionNode = FALSE
	EndGlobalSection
	GlobalSection(NestedProjects) = preSolution
		{687734CB-9BC1-4B8C-A55A-6FDAF3929FF0} = {E4F1504C-5EC1-4A50-BC8F-3EDFD4754D86}
	EndGlobalSection
	GlobalSection(ExtensibilityGlobals) = postSolution
		SolutionGuid = {456E0E1F-BA4D-45D7-AFA0-4718BF414D14}
	EndGlobalSection
EndGlobal
